
Microsoft Visual Studio Solution File, Format Version 12.00
# Visual Studio 15
VisualStudioVersion = 15.0.26124.0
MinimumVisualStudioVersion = 15.0.26124.0
Project("{FAE04EC0-301F-11D3-BF4B-00C04F79EFBC}") = "docker-deploy-artifacts", "src\docker-deploy-artifacts.csproj", "{6372E52A-762F-4370-8B60-98EB6DDA5A79}"
EndProject
Project("{FAE04EC0-301F-11D3-BF4B-00C04F79EFBC}") = "docker-deploy-artifacts-tests", "tests\docker-deploy-artifacts-tests.csproj", "{629E1A65-1B9B-4F6C-B0BB-94CF89F4A71F}"
EndProject
Global
	GlobalSection(SolutionConfigurationPlatforms) = preSolution
		Debug|Any CPU = Debug|Any CPU
		Debug|x64 = Debug|x64
		Debug|x86 = Debug|x86
		Release|Any CPU = Release|Any CPU
		Release|x64 = Release|x64
		Release|x86 = Release|x86
	EndGlobalSection
	GlobalSection(SolutionProperties) = preSolution
		HideSolutionNode = FALSE
	EndGlobalSection
	GlobalSection(ProjectConfigurationPlatforms) = postSolution
		{6372E52A-762F-4370-8B60-98EB6DDA5A79}.Debug|Any CPU.ActiveCfg = Debug|Any CPU
		{6372E52A-762F-4370-8B60-98EB6DDA5A79}.Debug|Any CPU.Build.0 = Debug|Any CPU
		{6372E52A-762F-4370-8B60-98EB6DDA5A79}.Debug|x64.ActiveCfg = Debug|Any CPU
		{6372E52A-762F-4370-8B60-98EB6DDA5A79}.Debug|x64.Build.0 = Debug|Any CPU
		{6372E52A-762F-4370-8B60-98EB6DDA5A79}.Debug|x86.ActiveCfg = Debug|Any CPU
		{6372E52A-762F-4370-8B60-98EB6DDA5A79}.Debug|x86.Build.0 = Debug|Any CPU
		{6372E52A-762F-4370-8B60-98EB6DDA5A79}.Release|Any CPU.ActiveCfg = Release|Any CPU
		{6372E52A-762F-4370-8B60-98EB6DDA5A79}.Release|Any CPU.Build.0 = Release|Any CPU
		{6372E52A-762F-4370-8B60-98EB6DDA5A79}.Release|x64.ActiveCfg = Release|Any CPU
		{6372E52A-762F-4370-8B60-98EB6DDA5A79}.Release|x64.Build.0 = Release|Any CPU
		{6372E52A-762F-4370-8B60-98EB6DDA5A79}.Release|x86.ActiveCfg = Release|Any CPU
		{6372E52A-762F-4370-8B60-98EB6DDA5A79}.Release|x86.Build.0 = Release|Any CPU
		{629E1A65-1B9B-4F6C-B0BB-94CF89F4A71F}.Debug|Any CPU.ActiveCfg = Debug|Any CPU
		{629E1A65-1B9B-4F6C-B0BB-94CF89F4A71F}.Debug|Any CPU.Build.0 = Debug|Any CPU
		{629E1A65-1B9B-4F6C-B0BB-94CF89F4A71F}.Debug|x64.ActiveCfg = Debug|Any CPU
		{629E1A65-1B9B-4F6C-B0BB-94CF89F4A71F}.Debug|x64.Build.0 = Debug|Any CPU
		{629E1A65-1B9B-4F6C-B0BB-94CF89F4A71F}.Debug|x86.ActiveCfg = Debug|Any CPU
		{629E1A65-1B9B-4F6C-B0BB-94CF89F4A71F}.Debug|x86.Build.0 = Debug|Any CPU
		{629E1A65-1B9B-4F6C-B0BB-94CF89F4A71F}.Release|Any CPU.ActiveCfg = Release|Any CPU
		{629E1A65-1B9B-4F6C-B0BB-94CF89F4A71F}.Release|Any CPU.Build.0 = Release|Any CPU
		{629E1A65-1B9B-4F6C-B0BB-94CF89F4A71F}.Release|x64.ActiveCfg = Release|Any CPU
		{629E1A65-1B9B-4F6C-B0BB-94CF89F4A71F}.Release|x64.Build.0 = Release|Any CPU
		{629E1A65-1B9B-4F6C-B0BB-94CF89F4A71F}.Release|x86.ActiveCfg = Release|Any CPU
		{629E1A65-1B9B-4F6C-B0BB-94CF89F4A71F}.Release|x86.Build.0 = Release|Any CPU
	EndGlobalSection
EndGlobal
